
Microsoft Visual Studio Solution File, Format Version 12.00
# Visual Studio Version 17
VisualStudioVersion = 17.4.33205.214
MinimumVisualStudioVersion = 10.0.40219.1
Project("{888888A0-9F3D-457C-B088-3A5042F75D52}") = "21_new", "21_new.pyproj", "{2836DDC6-AE8F-404E-AACE-096ADCEC09C6}"
EndProject
Global
	GlobalSection(SolutionConfigurationPlatforms) = preSolution
		Debug|Any CPU = Debug|Any CPU
		Release|Any CPU = Release|Any CPU
	EndGlobalSection
	GlobalSection(ProjectConfigurationPlatforms) = postSolution
		{2836DDC6-AE8F-404E-AACE-096ADCEC09C6}.Debug|Any CPU.ActiveCfg = Debug|Any CPU
		{2836DDC6-AE8F-404E-AACE-096ADCEC09C6}.Release|Any CPU.ActiveCfg = Release|Any CPU
	EndGlobalSection
	GlobalSection(SolutionProperties) = preSolution
		HideSolutionNode = FALSE
	EndGlobalSection
	GlobalSection(ExtensibilityGlobals) = postSolution
		SolutionGuid = {565820B0-63F4-4A3D-8688-0B670D1B627B}
	EndGlobalSection
EndGlobal
